
Microsoft Visual Studio Solution File, Format Version 12.00
# Visual Studio 2012
Project("{FAE04EC0-301F-11D3-BF4B-00C04F79EFBC}") = "MathirialDesign", "MathirialDesign\MathirialDesign.csproj", "{3EB2E535-9E00-4E46-A07D-C52CFA6094EB}"
EndProject
Global
	GlobalSection(SolutionConfigurationPlatforms) = preSolution
		Debug|Any CPU = Debug|Any CPU
		Release|Any CPU = Release|Any CPU
	EndGlobalSection
	GlobalSection(ProjectConfigurationPlatforms) = postSolution
		{3EB2E535-9E00-4E46-A07D-C52CFA6094EB}.Debug|Any CPU.ActiveCfg = Debug|Any CPU
		{3EB2E535-9E00-4E46-A07D-C52CFA6094EB}.Debug|Any CPU.Build.0 = Debug|Any CPU
		{3EB2E535-9E00-4E46-A07D-C52CFA6094EB}.Release|Any CPU.ActiveCfg = Release|Any CPU
		{3EB2E535-9E00-4E46-A07D-C52CFA6094EB}.Release|Any CPU.Build.0 = Release|Any CPU
	EndGlobalSection
EndGlobal
